
Microsoft Visual Studio Solution File, Format Version 12.00
# Visual Studio Version 17
VisualStudioVersion = 17.2.32526.322
MinimumVisualStudioVersion = 10.0.40219.1
Project("{FAE04EC0-301F-11D3-BF4B-00C04F79EFBC}") = "SistemaInventario", "SistemaInventario\SistemaInventario.csproj", "{4F126393-3AF6-4BEC-B9AA-F40EFAB0C18E}"
EndProject
Global
	GlobalSection(SolutionConfigurationPlatforms) = preSolution
		Debug|Any CPU = Debug|Any CPU
		Release|Any CPU = Release|Any CPU
	EndGlobalSection
	GlobalSection(ProjectConfigurationPlatforms) = postSolution
		{4F126393-3AF6-4BEC-B9AA-F40EFAB0C18E}.Debug|Any CPU.ActiveCfg = Debug|Any CPU
		{4F126393-3AF6-4BEC-B9AA-F40EFAB0C18E}.Debug|Any CPU.Build.0 = Debug|Any CPU
		{4F126393-3AF6-4BEC-B9AA-F40EFAB0C18E}.Release|Any CPU.ActiveCfg = Release|Any CPU
		{4F126393-3AF6-4BEC-B9AA-F40EFAB0C18E}.Release|Any CPU.Build.0 = Release|Any CPU
	EndGlobalSection
	GlobalSection(SolutionProperties) = preSolution
		HideSolutionNode = FALSE
	EndGlobalSection
	GlobalSection(ExtensibilityGlobals) = postSolution
		SolutionGuid = {BE07F60E-71D9-47C9-84D6-F28B9611C4D5}
	EndGlobalSection
EndGlobal
